
Microsoft Visual Studio Solution File, Format Version 12.00
# Visual Studio 15
VisualStudioVersion = 15.0.28307.102
MinimumVisualStudioVersion = 10.0.40219.1
Project("{FAE04EC0-301F-11D3-BF4B-00C04F79EFBC}") = "AutoFixture.AUT.Tests", "AutoFixture.AUT.Tests\AutoFixture.AUT.Tests.csproj", "{DE40284D-CBA3-4F7A-A29F-F10B8451E70E}"
EndProject
Project("{FAE04EC0-301F-11D3-BF4B-00C04F79EFBC}") = "AutoFixture.NUnit3.AUT.Tests", "AutoFixture.NUnit3.AUT.Tests\AutoFixture.NUnit3.AUT.Tests.csproj", "{53E02E83-448B-4490-8C89-222BD50AE2B9}"
EndProject
Global
	GlobalSection(SolutionConfigurationPlatforms) = preSolution
		Debug|Any CPU = Debug|Any CPU
		Release|Any CPU = Release|Any CPU
	EndGlobalSection
	GlobalSection(ProjectConfigurationPlatforms) = postSolution
		{DE40284D-CBA3-4F7A-A29F-F10B8451E70E}.Debug|Any CPU.ActiveCfg = Debug|Any CPU
		{DE40284D-CBA3-4F7A-A29F-F10B8451E70E}.Debug|Any CPU.Build.0 = Debug|Any CPU
		{DE40284D-CBA3-4F7A-A29F-F10B8451E70E}.Release|Any CPU.ActiveCfg = Release|Any CPU
		{DE40284D-CBA3-4F7A-A29F-F10B8451E70E}.Release|Any CPU.Build.0 = Release|Any CPU
		{53E02E83-448B-4490-8C89-222BD50AE2B9}.Debug|Any CPU.ActiveCfg = Debug|Any CPU
		{53E02E83-448B-4490-8C89-222BD50AE2B9}.Debug|Any CPU.Build.0 = Debug|Any CPU
		{53E02E83-448B-4490-8C89-222BD50AE2B9}.Release|Any CPU.ActiveCfg = Release|Any CPU
		{53E02E83-448B-4490-8C89-222BD50AE2B9}.Release|Any CPU.Build.0 = Release|Any CPU
	EndGlobalSection
	GlobalSection(SolutionProperties) = preSolution
		HideSolutionNode = FALSE
	EndGlobalSection
	GlobalSection(ExtensibilityGlobals) = postSolution
		SolutionGuid = {6CB8A119-25C7-4E7D-AE04-1B39812C5B0A}
	EndGlobalSection
EndGlobal
